
Microsoft Visual Studio Solution File, Format Version 12.00
# Visual Studio 15
Project("{FAE04EC0-301F-11D3-BF4B-00C04F79EFBC}") = "Main", "Main.csproj", "{8E2479F3-2284-6DE1-62C5-C10BCBF8CE20}"
EndProject
Project("{FAE04EC0-301F-11D3-BF4B-00C04F79EFBC}") = "Tests", "Tests.csproj", "{DEE2E3A2-A327-F7CD-067A-04B0670DB6CF}"
EndProject
Project("{FAE04EC0-301F-11D3-BF4B-00C04F79EFBC}") = "EditModeTest", "EditModeTest.csproj", "{B14B38B2-E44A-635C-1006-8AE642B6462F}"
EndProject
Global
	GlobalSection(SolutionConfigurationPlatforms) = preSolution
		Debug|Any CPU = Debug|Any CPU
		Release|Any CPU = Release|Any CPU
	EndGlobalSection
	GlobalSection(ProjectConfigurationPlatforms) = postSolution
		{8E2479F3-2284-6DE1-62C5-C10BCBF8CE20}.Debug|Any CPU.ActiveCfg = Debug|Any CPU
		{8E2479F3-2284-6DE1-62C5-C10BCBF8CE20}.Debug|Any CPU.Build.0 = Debug|Any CPU
		{8E2479F3-2284-6DE1-62C5-C10BCBF8CE20}.Release|Any CPU.ActiveCfg = Release|Any CPU
		{8E2479F3-2284-6DE1-62C5-C10BCBF8CE20}.Release|Any CPU.Build.0 = Release|Any CPU
		{DEE2E3A2-A327-F7CD-067A-04B0670DB6CF}.Debug|Any CPU.ActiveCfg = Debug|Any CPU
		{DEE2E3A2-A327-F7CD-067A-04B0670DB6CF}.Debug|Any CPU.Build.0 = Debug|Any CPU
		{DEE2E3A2-A327-F7CD-067A-04B0670DB6CF}.Release|Any CPU.ActiveCfg = Release|Any CPU
		{DEE2E3A2-A327-F7CD-067A-04B0670DB6CF}.Release|Any CPU.Build.0 = Release|Any CPU
		{B14B38B2-E44A-635C-1006-8AE642B6462F}.Debug|Any CPU.ActiveCfg = Debug|Any CPU
		{B14B38B2-E44A-635C-1006-8AE642B6462F}.Debug|Any CPU.Build.0 = Debug|Any CPU
		{B14B38B2-E44A-635C-1006-8AE642B6462F}.Release|Any CPU.ActiveCfg = Release|Any CPU
		{B14B38B2-E44A-635C-1006-8AE642B6462F}.Release|Any CPU.Build.0 = Release|Any CPU
	EndGlobalSection
	GlobalSection(SolutionProperties) = preSolution
		HideSolutionNode = FALSE
	EndGlobalSection
EndGlobal
